{
    "hash": "b0862cb7f12fc8e23da0cc8809e0c406",
    "packages": [
        {
            "package": "natrim/VisualPaginator",
            "version": "dev-master",
            "source-reference": "17fd7fcc8077208e618cc53460f5e7cb653e8406"
        },
        {
            "package": "nette/nette",
            "version": "v2.0.3"
        }
    ],
    "aliases": []
}
